// !$*UTF8*$!
{
	archiveVersion = 1;
	classes = {
	};
	objectVersion = 50;
	objects = {

/* Begin PBXBuildFile section */
		5219F8D924B147FA009D23CA /* Color.xcassets in Resources */ = {isa = PBXBuildFile; fileRef = 5219F8D824B147FA009D23CA /* Color.xcassets */; };
		5219F8DB24B149BA009D23CA /* OnTheMapButton.swift in Sources */ = {isa = PBXBuildFile; fileRef = 5219F8DA24B149BA009D23CA /* OnTheMapButton.swift */; };
		5219F8DD24B14A67009D23CA /* Colors.swift in Sources */ = {isa = PBXBuildFile; fileRef = 5219F8DC24B14A67009D23CA /* Colors.swift */; };
		5219F8DF24B14BC7009D23CA /* OnTheMapTextField.swift in Sources */ = {isa = PBXBuildFile; fileRef = 5219F8DE24B14BC7009D23CA /* OnTheMapTextField.swift */; };
		521E33B924B43F8D009CBACF /* UserInfo.swift in Sources */ = {isa = PBXBuildFile; fileRef = 521E33B824B43F8D009CBACF /* UserInfo.swift */; };
		522F545424B183F900787A49 /* UIViewControllerExtension.swift in Sources */ = {isa = PBXBuildFile; fileRef = 522F545324B183F900787A49 /* UIViewControllerExtension.swift */; };
		522F545624B1851700787A49 /* LocationlistViewController.swift in Sources */ = {isa = PBXBuildFile; fileRef = 522F545524B1851700787A49 /* LocationlistViewController.swift */; };
		522F545824B1A24F00787A49 /* AddLocationViewController.swift in Sources */ = {isa = PBXBuildFile; fileRef = 522F545724B1A24F00787A49 /* AddLocationViewController.swift */; };
		522F545A24B1A65600787A49 /* MapViewController.swift in Sources */ = {isa = PBXBuildFile; fileRef = 522F545924B1A65600787A49 /* MapViewController.swift */; };
		5266E94524B6F6CA000A6810 /* StudentInformationResponse.swift in Sources */ = {isa = PBXBuildFile; fileRef = 5266E94424B6F6CA000A6810 /* StudentInformationResponse.swift */; };
		52EFAC1B24B259860045DED8 /* UdacityClient.swift in Sources */ = {isa = PBXBuildFile; fileRef = 52EFAC1A24B259860045DED8 /* UdacityClient.swift */; };
		52EFAC1D24B27EB00045DED8 /* StudentInformation.swift in Sources */ = {isa = PBXBuildFile; fileRef = 52EFAC1C24B27EB00045DED8 /* StudentInformation.swift */; };
		52EFAC1F24B282E70045DED8 /* UdacityResponse.swift in Sources */ = {isa = PBXBuildFile; fileRef = 52EFAC1E24B282E70045DED8 /* UdacityResponse.swift */; };
		52EFAC2124B2848B0045DED8 /* StudentLocationModel.swift in Sources */ = {isa = PBXBuildFile; fileRef = 52EFAC2024B2848B0045DED8 /* StudentLocationModel.swift */; };
		52EFAC2324B2B19E0045DED8 /* SessionResponse.swift in Sources */ = {isa = PBXBuildFile; fileRef = 52EFAC2224B2B19E0045DED8 /* SessionResponse.swift */; };
		52EFAC2524B2B3260045DED8 /* SessionRequest.swift in Sources */ = {isa = PBXBuildFile; fileRef = 52EFAC2424B2B3260045DED8 /* SessionRequest.swift */; };
		52EFAC2724B2B8FB0045DED8 /* ErrorResponse.swift in Sources */ = {isa = PBXBuildFile; fileRef = 52EFAC2624B2B8FB0045DED8 /* ErrorResponse.swift */; };
		52EFAC2924B2EA040045DED8 /* LocationsMapViewController.swift in Sources */ = {isa = PBXBuildFile; fileRef = 52EFAC2824B2EA040045DED8 /* LocationsMapViewController.swift */; };
		52FDA41424B03F6C001C5E23 /* AppDelegate.swift in Sources */ = {isa = PBXBuildFile; fileRef = 52FDA41324B03F6C001C5E23 /* AppDelegate.swift */; };
		52FDA41624B03F6C001C5E23 /* SceneDelegate.swift in Sources */ = {isa = PBXBuildFile; fileRef = 52FDA41524B03F6C001C5E23 /* SceneDelegate.swift */; };
		52FDA41824B03F6C001C5E23 /* LoginViewController.swift in Sources */ = {isa = PBXBuildFile; fileRef = 52FDA41724B03F6C001C5E23 /* LoginViewController.swift */; };
		52FDA41B24B03F6C001C5E23 /* Main.storyboard in Resources */ = {isa = PBXBuildFile; fileRef = 52FDA41924B03F6C001C5E23 /* Main.storyboard */; };
		52FDA41D24B03F6F001C5E23 /* Assets.xcassets in Resources */ = {isa = PBXBuildFile; fileRef = 52FDA41C24B03F6F001C5E23 /* Assets.xcassets */; };
		52FDA42024B03F6F001C5E23 /* LaunchScreen.storyboard in Resources */ = {isa = PBXBuildFile; fileRef = 52FDA41E24B03F6F001C5E23 /* LaunchScreen.storyboard */; };
		52FDA42B24B03F6F001C5E23 /* OnTheMapTests.swift in Sources */ = {isa = PBXBuildFile; fileRef = 52FDA42A24B03F6F001C5E23 /* OnTheMapTests.swift */; };
/* End PBXBuildFile section */

/* Begin PBXContainerItemProxy section */
		52FDA42724B03F6F001C5E23 /* PBXContainerItemProxy */ = {
			isa = PBXContainerItemProxy;
			containerPortal = 52FDA40824B03F6C001C5E23 /* Project object */;
			proxyType = 1;
			remoteGlobalIDString = 52FDA40F24B03F6C001C5E23;
			remoteInfo = OnTheMap;
		};
/* End PBXContainerItemProxy section */

/* Begin PBXFileReference section */
		5219F8D824B147FA009D23CA /* Color.xcassets */ = {isa = PBXFileReference; lastKnownFileType = folder.assetcatalog; path = Color.xcassets; sourceTree = "<group>"; };
		5219F8DA24B149BA009D23CA /* OnTheMapButton.swift */ = {isa = PBXFileReference; lastKnownFileType = sourcecode.swift; path = OnTheMapButton.swift; sourceTree = "<group>"; };
		5219F8DC24B14A67009D23CA /* Colors.swift */ = {isa = PBXFileReference; lastKnownFileType = sourcecode.swift; path = Colors.swift; sourceTree = "<group>"; };
		5219F8DE24B14BC7009D23CA /* OnTheMapTextField.swift */ = {isa = PBXFileReference; lastKnownFileType = sourcecode.swift; path = OnTheMapTextField.swift; sourceTree = "<group>"; };
		521E33B824B43F8D009CBACF /* UserInfo.swift */ = {isa = PBXFileReference; lastKnownFileType = sourcecode.swift; path = UserInfo.swift; sourceTree = "<group>"; };
		522F545324B183F900787A49 /* UIViewControllerExtension.swift */ = {isa = PBXFileReference; lastKnownFileType = sourcecode.swift; path = UIViewControllerExtension.swift; sourceTree = "<group>"; };
		522F545524B1851700787A49 /* LocationlistViewController.swift */ = {isa = PBXFileReference; lastKnownFileType = sourcecode.swift; path = LocationlistViewController.swift; sourceTree = "<group>"; };
		522F545724B1A24F00787A49 /* AddLocationViewController.swift */ = {isa = PBXFileReference; lastKnownFileType = sourcecode.swift; path = AddLocationViewController.swift; sourceTree = "<group>"; };
		522F545924B1A65600787A49 /* MapViewController.swift */ = {isa = PBXFileReference; lastKnownFileType = sourcecode.swift; path = MapViewController.swift; sourceTree = "<group>"; };
		5266E94424B6F6CA000A6810 /* StudentInformationResponse.swift */ = {isa = PBXFileReference; lastKnownFileType = sourcecode.swift; path = StudentInformationResponse.swift; sourceTree = "<group>"; };
		52EFAC1A24B259860045DED8 /* UdacityClient.swift */ = {isa = PBXFileReference; lastKnownFileType = sourcecode.swift; path = UdacityClient.swift; sourceTree = "<group>"; };
		52EFAC1C24B27EB00045DED8 /* StudentInformation.swift */ = {isa = PBXFileReference; lastKnownFileType = sourcecode.swift; path = StudentInformation.swift; sourceTree = "<group>"; };
		52EFAC1E24B282E70045DED8 /* UdacityResponse.swift */ = {isa = PBXFileReference; lastKnownFileType = sourcecode.swift; path = UdacityResponse.swift; sourceTree = "<group>"; };
		52EFAC2024B2848B0045DED8 /* StudentLocationModel.swift */ = {isa = PBXFileReference; lastKnownFileType = sourcecode.swift; path = StudentLocationModel.swift; sourceTree = "<group>"; };
		52EFAC2224B2B19E0045DED8 /* SessionResponse.swift */ = {isa = PBXFileReference; lastKnownFileType = sourcecode.swift; path = SessionResponse.swift; sourceTree = "<group>"; };
		52EFAC2424B2B3260045DED8 /* SessionRequest.swift */ = {isa = PBXFileReference; lastKnownFileType = sourcecode.swift; path = SessionRequest.swift; sourceTree = "<group>"; };
		52EFAC2624B2B8FB0045DED8 /* ErrorResponse.swift */ = {isa = PBXFileReference; lastKnownFileType = sourcecode.swift; path = ErrorResponse.swift; sourceTree = "<group>"; };
		52EFAC2824B2EA040045DED8 /* LocationsMapViewController.swift */ = {isa = PBXFileReference; lastKnownFileType = sourcecode.swift; path = LocationsMapViewController.swift; sourceTree = "<group>"; };
		52FDA41024B03F6C001C5E23 /* OnTheMap.app */ = {isa = PBXFileReference; explicitFileType = wrapper.application; includeInIndex = 0; path = OnTheMap.app; sourceTree = BUILT_PRODUCTS_DIR; };
		52FDA41324B03F6C001C5E23 /* AppDelegate.swift */ = {isa = PBXFileReference; lastKnownFileType = sourcecode.swift; path = AppDelegate.swift; sourceTree = "<group>"; };
		52FDA41524B03F6C001C5E23 /* SceneDelegate.swift */ = {isa = PBXFileReference; lastKnownFileType = sourcecode.swift; path = SceneDelegate.swift; sourceTree = "<group>"; };
		52FDA41724B03F6C001C5E23 /* LoginViewController.swift */ = {isa = PBXFileReference; lastKnownFileType = sourcecode.swift; path = LoginViewController.swift; sourceTree = "<group>"; };
		52FDA41A24B03F6C001C5E23 /* Base */ = {isa = PBXFileReference; lastKnownFileType = file.storyboard; name = Base; path = Base.lproj/Main.storyboard; sourceTree = "<group>"; };
		52FDA41C24B03F6F001C5E23 /* Assets.xcassets */ = {isa = PBXFileReference; lastKnownFileType = folder.assetcatalog; path = Assets.xcassets; sourceTree = "<group>"; };
		52FDA41F24B03F6F001C5E23 /* Base */ = {isa = PBXFileReference; lastKnownFileType = file.storyboard; name = Base; path = Base.lproj/LaunchScreen.storyboard; sourceTree = "<group>"; };
		52FDA42124B03F6F001C5E23 /* Info.plist */ = {isa = PBXFileReference; lastKnownFileType = text.plist.xml; path = Info.plist; sourceTree = "<group>"; };
		52FDA42624B03F6F001C5E23 /* OnTheMapTests.xctest */ = {isa = PBXFileReference; explicitFileType = wrapper.cfbundle; includeInIndex = 0; path = OnTheMapTests.xctest; sourceTree = BUILT_PRODUCTS_DIR; };
		52FDA42A24B03F6F001C5E23 /* OnTheMapTests.swift */ = {isa = PBXFileReference; lastKnownFileType = sourcecode.swift; path = OnTheMapTests.swift; sourceTree = "<group>"; };
		52FDA42C24B03F6F001C5E23 /* Info.plist */ = {isa = PBXFileReference; lastKnownFileType = text.plist.xml; path = Info.plist; sourceTree = "<group>"; };
/* End PBXFileReference section */

/* Begin PBXFrameworksBuildPhase section */
		52FDA40D24B03F6C001C5E23 /* Frameworks */ = {
			isa = PBXFrameworksBuildPhase;
			buildActionMask = 2147483647;
			files = (
			);
			runOnlyForDeploymentPostprocessing = 0;
		};
		52FDA42324B03F6F001C5E23 /* Frameworks */ = {
			isa = PBXFrameworksBuildPhase;
			buildActionMask = 2147483647;
			files = (
			);
			runOnlyForDeploymentPostprocessing = 0;
		};
/* End PBXFrameworksBuildPhase section */

/* Begin PBXGroup section */
		52EFAC1624B259360045DED8 /* Data */ = {
			isa = PBXGroup;
			children = (
				52EFAC2024B2848B0045DED8 /* StudentLocationModel.swift */,
				52EFAC1C24B27EB00045DED8 /* StudentInformation.swift */,
			);
			path = Data;
			sourceTree = "<group>";
		};
		52EFAC1724B259430045DED8 /* Udacity Client */ = {
			isa = PBXGroup;
			children = (
				52EFAC1A24B259860045DED8 /* UdacityClient.swift */,
			);
			path = "Udacity Client";
			sourceTree = "<group>";
		};
		52EFAC1824B259570045DED8 /* Udacity Requests */ = {
			isa = PBXGroup;
			children = (
				52EFAC2424B2B3260045DED8 /* SessionRequest.swift */,
			);
			path = "Udacity Requests";
			sourceTree = "<group>";
		};
		52EFAC1924B259600045DED8 /* Udacity Responses */ = {
			isa = PBXGroup;
			children = (
				52EFAC1E24B282E70045DED8 /* UdacityResponse.swift */,
				52EFAC2224B2B19E0045DED8 /* SessionResponse.swift */,
				52EFAC2624B2B8FB0045DED8 /* ErrorResponse.swift */,
				521E33B824B43F8D009CBACF /* UserInfo.swift */,
				5266E94424B6F6CA000A6810 /* StudentInformationResponse.swift */,
			);
			path = "Udacity Responses";
			sourceTree = "<group>";
		};
		52FDA40724B03F6C001C5E23 = {
			isa = PBXGroup;
			children = (
				52FDA41224B03F6C001C5E23 /* OnTheMap */,
				52FDA42924B03F6F001C5E23 /* OnTheMapTests */,
				52FDA41124B03F6C001C5E23 /* Products */,
			);
			sourceTree = "<group>";
		};
		52FDA41124B03F6C001C5E23 /* Products */ = {
			isa = PBXGroup;
			children = (
				52FDA41024B03F6C001C5E23 /* OnTheMap.app */,
				52FDA42624B03F6F001C5E23 /* OnTheMapTests.xctest */,
			);
			name = Products;
			sourceTree = "<group>";
		};
		52FDA41224B03F6C001C5E23 /* OnTheMap */ = {
			isa = PBXGroup;
			children = (
				52FDA43824B04717001C5E23 /* Model */,
				52FDA43724B04710001C5E23 /* View */,
				52FDA43624B046EB001C5E23 /* Controller */,
				52FDA43524B046C3001C5E23 /* Assets */,
				52FDA41324B03F6C001C5E23 /* AppDelegate.swift */,
				52FDA41524B03F6C001C5E23 /* SceneDelegate.swift */,
				52FDA42124B03F6F001C5E23 /* Info.plist */,
			);
			path = OnTheMap;
			sourceTree = "<group>";
		};
		52FDA42924B03F6F001C5E23 /* OnTheMapTests */ = {
			isa = PBXGroup;
			children = (
				52FDA42A24B03F6F001C5E23 /* OnTheMapTests.swift */,
				52FDA42C24B03F6F001C5E23 /* Info.plist */,
			);
			path = OnTheMapTests;
			sourceTree = "<group>";
		};
		52FDA43524B046C3001C5E23 /* Assets */ = {
			isa = PBXGroup;
			children = (
				52FDA41924B03F6C001C5E23 /* Main.storyboard */,
				52FDA41C24B03F6F001C5E23 /* Assets.xcassets */,
				52FDA41E24B03F6F001C5E23 /* LaunchScreen.storyboard */,
				5219F8D824B147FA009D23CA /* Color.xcassets */,
			);
			path = Assets;
			sourceTree = "<group>";
		};
		52FDA43624B046EB001C5E23 /* Controller */ = {
			isa = PBXGroup;
			children = (
				52FDA41724B03F6C001C5E23 /* LoginViewController.swift */,
				522F545324B183F900787A49 /* UIViewControllerExtension.swift */,
				522F545524B1851700787A49 /* LocationlistViewController.swift */,
				522F545724B1A24F00787A49 /* AddLocationViewController.swift */,
				522F545924B1A65600787A49 /* MapViewController.swift */,
				52EFAC2824B2EA040045DED8 /* LocationsMapViewController.swift */,
			);
			path = Controller;
			sourceTree = "<group>";
		};
		52FDA43724B04710001C5E23 /* View */ = {
			isa = PBXGroup;
			children = (
				5219F8DA24B149BA009D23CA /* OnTheMapButton.swift */,
				5219F8DC24B14A67009D23CA /* Colors.swift */,
				5219F8DE24B14BC7009D23CA /* OnTheMapTextField.swift */,
			);
			path = View;
			sourceTree = "<group>";
		};
		52FDA43824B04717001C5E23 /* Model */ = {
			isa = PBXGroup;
			children = (
				52EFAC1624B259360045DED8 /* Data */,
				52EFAC1724B259430045DED8 /* Udacity Client */,
				52EFAC1924B259600045DED8 /* Udacity Responses */,
				52EFAC1824B259570045DED8 /* Udacity Requests */,
			);
			path = Model;
			sourceTree = "<group>";
		};
/* End PBXGroup section */

/* Begin PBXNativeTarget section */
		52FDA40F24B03F6C001C5E23 /* OnTheMap */ = {
			isa = PBXNativeTarget;
			buildConfigurationList = 52FDA42F24B03F6F001C5E23 /* Build configuration list for PBXNativeTarget "OnTheMap" */;
			buildPhases = (
				52FDA40C24B03F6C001C5E23 /* Sources */,
				52FDA40D24B03F6C001C5E23 /* Frameworks */,
				52FDA40E24B03F6C001C5E23 /* Resources */,
			);
			buildRules = (
			);
			dependencies = (
			);
			name = OnTheMap;
			productName = OnTheMap;
			productReference = 52FDA41024B03F6C001C5E23 /* OnTheMap.app */;
			productType = "com.apple.product-type.application";
		};
		52FDA42524B03F6F001C5E23 /* OnTheMapTests */ = {
			isa = PBXNativeTarget;
			buildConfigurationList = 52FDA43224B03F6F001C5E23 /* Build configuration list for PBXNativeTarget "OnTheMapTests" */;
			buildPhases = (
				52FDA42224B03F6F001C5E23 /* Sources */,
				52FDA42324B03F6F001C5E23 /* Frameworks */,
				52FDA42424B03F6F001C5E23 /* Resources */,
			);
			buildRules = (
			);
			dependencies = (
				52FDA42824B03F6F001C5E23 /* PBXTargetDependency */,
			);
			name = OnTheMapTests;
			productName = OnTheMapTests;
			productReference = 52FDA42624B03F6F001C5E23 /* OnTheMapTests.xctest */;
			productType = "com.apple.product-type.bundle.unit-test";
		};
/* End PBXNativeTarget section */

/* Begin PBXProject section */
		52FDA40824B03F6C001C5E23 /* Project object */ = {
			isa = PBXProject;
			attributes = {
				LastSwiftUpdateCheck = 1150;
				LastUpgradeCheck = 1150;
				ORGANIZATIONNAME = Innovatrix;
				TargetAttributes = {
					52FDA40F24B03F6C001C5E23 = {
						CreatedOnToolsVersion = 11.5;
					};
					52FDA42524B03F6F001C5E23 = {
						CreatedOnToolsVersion = 11.5;
						TestTargetID = 52FDA40F24B03F6C001C5E23;
					};
				};
			};
			buildConfigurationList = 52FDA40B24B03F6C001C5E23 /* Build configuration list for PBXProject "OnTheMap" */;
			compatibilityVersion = "Xcode 9.3";
			developmentRegion = en;
			hasScannedForEncodings = 0;
			knownRegions = (
				en,
				Base,
			);
			mainGroup = 52FDA40724B03F6C001C5E23;
			productRefGroup = 52FDA41124B03F6C001C5E23 /* Products */;
			projectDirPath = "";
			projectRoot = "";
			targets = (
				52FDA40F24B03F6C001C5E23 /* OnTheMap */,
				52FDA42524B03F6F001C5E23 /* OnTheMapTests */,
			);
		};
/* End PBXProject section */

/* Begin PBXResourcesBuildPhase section */
		52FDA40E24B03F6C001C5E23 /* Resources */ = {
			isa = PBXResourcesBuildPhase;
			buildActionMask = 2147483647;
			files = (
				52FDA42024B03F6F001C5E23 /* LaunchScreen.storyboard in Resources */,
				5219F8D924B147FA009D23CA /* Color.xcassets in Resources */,
				52FDA41D24B03F6F001C5E23 /* Assets.xcassets in Resources */,
				52FDA41B24B03F6C001C5E23 /* Main.storyboard in Resources */,
			);
			runOnlyForDeploymentPostprocessing = 0;
		};
		52FDA42424B03F6F001C5E23 /* Resources */ = {
			isa = PBXResourcesBuildPhase;
			buildActionMask = 2147483647;
			files = (
			);
			runOnlyForDeploymentPostprocessing = 0;
		};
/* End PBXResourcesBuildPhase section */

/* Begin PBXSourcesBuildPhase section */
		52FDA40C24B03F6C001C5E23 /* Sources */ = {
			isa = PBXSourcesBuildPhase;
			buildActionMask = 2147483647;
			files = (
				521E33B924B43F8D009CBACF /* UserInfo.swift in Sources */,
				52EFAC1D24B27EB00045DED8 /* StudentInformation.swift in Sources */,
				52FDA41824B03F6C001C5E23 /* LoginViewController.swift in Sources */,
				52EFAC2124B2848B0045DED8 /* StudentLocationModel.swift in Sources */,
				5219F8DD24B14A67009D23CA /* Colors.swift in Sources */,
				52FDA41424B03F6C001C5E23 /* AppDelegate.swift in Sources */,
				52EFAC1B24B259860045DED8 /* UdacityClient.swift in Sources */,
				52EFAC2924B2EA040045DED8 /* LocationsMapViewController.swift in Sources */,
				522F545A24B1A65600787A49 /* MapViewController.swift in Sources */,
				52EFAC2724B2B8FB0045DED8 /* ErrorResponse.swift in Sources */,
				5219F8DF24B14BC7009D23CA /* OnTheMapTextField.swift in Sources */,
				522F545824B1A24F00787A49 /* AddLocationViewController.swift in Sources */,
				5219F8DB24B149BA009D23CA /* OnTheMapButton.swift in Sources */,
				522F545424B183F900787A49 /* UIViewControllerExtension.swift in Sources */,
				52EFAC2324B2B19E0045DED8 /* SessionResponse.swift in Sources */,
				52EFAC2524B2B3260045DED8 /* SessionRequest.swift in Sources */,
				522F545624B1851700787A49 /* LocationlistViewController.swift in Sources */,
				52EFAC1F24B282E70045DED8 /* UdacityResponse.swift in Sources */,
				5266E94524B6F6CA000A6810 /* StudentInformationResponse.swift in Sources */,
				52FDA41624B03F6C001C5E23 /* SceneDelegate.swift in Sources */,
			);
			runOnlyForDeploymentPostprocessing = 0;
		};
		52FDA42224B03F6F001C5E23 /* Sources */ = {
			isa = PBXSourcesBuildPhase;
			buildActionMask = 2147483647;
			files = (
				52FDA42B24B03F6F001C5E23 /* OnTheMapTests.swift in Sources */,
			);
			runOnlyForDeploymentPostprocessing = 0;
		};
/* End PBXSourcesBuildPhase section */

/* Begin PBXTargetDependency section */
		52FDA42824B03F6F001C5E23 /* PBXTargetDependency */ = {
			isa = PBXTargetDependency;
			target = 52FDA40F24B03F6C001C5E23 /* OnTheMap */;
			targetProxy = 52FDA42724B03F6F001C5E23 /* PBXContainerItemProxy */;
		};
/* End PBXTargetDependency section */

/* Begin PBXVariantGroup section */
		52FDA41924B03F6C001C5E23 /* Main.storyboard */ = {
			isa = PBXVariantGroup;
			children = (
				52FDA41A24B03F6C001C5E23 /* Base */,
			);
			name = Main.storyboard;
			sourceTree = "<group>";
		};
		52FDA41E24B03F6F001C5E23 /* LaunchScreen.storyboard */ = {
			isa = PBXVariantGroup;
			children = (
				52FDA41F24B03F6F001C5E23 /* Base */,
			);
			name = LaunchScreen.storyboard;
			sourceTree = "<group>";
		};
/* End PBXVariantGroup section */

/* Begin XCBuildConfiguration section */
		52FDA42D24B03F6F001C5E23 /* Debug */ = {
			isa = XCBuildConfiguration;
			buildSettings = {
				ALWAYS_SEARCH_USER_PATHS = NO;
				CLANG_ANALYZER_NONNULL = YES;
				CLANG_ANALYZER_NUMBER_OBJECT_CONVERSION = YES_AGGRESSIVE;
				CLANG_CXX_LANGUAGE_STANDARD = "gnu++14";
				CLANG_CXX_LIBRARY = "libc++";
				CLANG_ENABLE_MODULES = YES;
				CLANG_ENABLE_OBJC_ARC = YES;
				CLANG_ENABLE_OBJC_WEAK = YES;
				CLANG_WARN_BLOCK_CAPTURE_AUTORELEASING = YES;
				CLANG_WARN_BOOL_CONVERSION = YES;
				CLANG_WARN_COMMA = YES;
				CLANG_WARN_CONSTANT_CONVERSION = YES;
				CLANG_WARN_DEPRECATED_OBJC_IMPLEMENTATIONS = YES;
				CLANG_WARN_DIRECT_OBJC_ISA_USAGE = YES_ERROR;
				CLANG_WARN_DOCUMENTATION_COMMENTS = YES;
				CLANG_WARN_EMPTY_BODY = YES;
				CLANG_WARN_ENUM_CONVERSION = YES;
				CLANG_WARN_INFINITE_RECURSION = YES;
				CLANG_WARN_INT_CONVERSION = YES;
				CLANG_WARN_NON_LITERAL_NULL_CONVERSION = YES;
				CLANG_WARN_OBJC_IMPLICIT_RETAIN_SELF = YES;
				CLANG_WARN_OBJC_LITERAL_CONVERSION = YES;
				CLANG_WARN_OBJC_ROOT_CLASS = YES_ERROR;
				CLANG_WARN_RANGE_LOOP_ANALYSIS = YES;
				CLANG_WARN_STRICT_PROTOTYPES = YES;
				CLANG_WARN_SUSPICIOUS_MOVE = YES;
				CLANG_WARN_UNGUARDED_AVAILABILITY = YES_AGGRESSIVE;
				CLANG_WARN_UNREACHABLE_CODE = YES;
				CLANG_WARN__DUPLICATE_METHOD_MATCH = YES;
				COPY_PHASE_STRIP = NO;
				DEBUG_INFORMATION_FORMAT = dwarf;
				ENABLE_STRICT_OBJC_MSGSEND = YES;
				ENABLE_TESTABILITY = YES;
				GCC_C_LANGUAGE_STANDARD = gnu11;
				GCC_DYNAMIC_NO_PIC = NO;
				GCC_NO_COMMON_BLOCKS = YES;
				GCC_OPTIMIZATION_LEVEL = 0;
				GCC_PREPROCESSOR_DEFINITIONS = (
					"DEBUG=1",
					"$(inherited)",
				);
				GCC_WARN_64_TO_32_BIT_CONVERSION = YES;
				GCC_WARN_ABOUT_RETURN_TYPE = YES_ERROR;
				GCC_WARN_UNDECLARED_SELECTOR = YES;
				GCC_WARN_UNINITIALIZED_AUTOS = YES_AGGRESSIVE;
				GCC_WARN_UNUSED_FUNCTION = YES;
				GCC_WARN_UNUSED_VARIABLE = YES;
				IPHONEOS_DEPLOYMENT_TARGET = 13.5;
				MTL_ENABLE_DEBUG_INFO = INCLUDE_SOURCE;
				MTL_FAST_MATH = YES;
				ONLY_ACTIVE_ARCH = YES;
				SDKROOT = iphoneos;
				SWIFT_ACTIVE_COMPILATION_CONDITIONS = DEBUG;
				SWIFT_OPTIMIZATION_LEVEL = "-Onone";
			};
			name = Debug;
		};
		52FDA42E24B03F6F001C5E23 /* Release */ = {
			isa = XCBuildConfiguration;
			buildSettings = {
				ALWAYS_SEARCH_USER_PATHS = NO;
				CLANG_ANALYZER_NONNULL = YES;
				CLANG_ANALYZER_NUMBER_OBJECT_CONVERSION = YES_AGGRESSIVE;
				CLANG_CXX_LANGUAGE_STANDARD = "gnu++14";
				CLANG_CXX_LIBRARY = "libc++";
				CLANG_ENABLE_MODULES = YES;
				CLANG_ENABLE_OBJC_ARC = YES;
				CLANG_ENABLE_OBJC_WEAK = YES;
				CLANG_WARN_BLOCK_CAPTURE_AUTORELEASING = YES;
				CLANG_WARN_BOOL_CONVERSION = YES;
				CLANG_WARN_COMMA = YES;
				CLANG_WARN_CONSTANT_CONVERSION = YES;
				CLANG_WARN_DEPRECATED_OBJC_IMPLEMENTATIONS = YES;
				CLANG_WARN_DIRECT_OBJC_ISA_USAGE = YES_ERROR;
				CLANG_WARN_DOCUMENTATION_COMMENTS = YES;
				CLANG_WARN_EMPTY_BODY = YES;
				CLANG_WARN_ENUM_CONVERSION = YES;
				CLANG_WARN_INFINITE_RECURSION = YES;
				CLANG_WARN_INT_CONVERSION = YES;
				CLANG_WARN_NON_LITERAL_NULL_CONVERSION = YES;
				CLANG_WARN_OBJC_IMPLICIT_RETAIN_SELF = YES;
				CLANG_WARN_OBJC_LITERAL_CONVERSION = YES;
				CLANG_WARN_OBJC_ROOT_CLASS = YES_ERROR;
				CLANG_WARN_RANGE_LOOP_ANALYSIS = YES;
				CLANG_WARN_STRICT_PROTOTYPES = YES;
				CLANG_WARN_SUSPICIOUS_MOVE = YES;
				CLANG_WARN_UNGUARDED_AVAILABILITY = YES_AGGRESSIVE;
				CLANG_WARN_UNREACHABLE_CODE = YES;
				CLANG_WARN__DUPLICATE_METHOD_MATCH = YES;
				COPY_PHASE_STRIP = NO;
				DEBUG_INFORMATION_FORMAT = "dwarf-with-dsym";
				ENABLE_NS_ASSERTIONS = NO;
				ENABLE_STRICT_OBJC_MSGSEND = YES;
				GCC_C_LANGUAGE_STANDARD = gnu11;
				GCC_NO_COMMON_BLOCKS = YES;
				GCC_WARN_64_TO_32_BIT_CONVERSION = YES;
				GCC_WARN_ABOUT_RETURN_TYPE = YES_ERROR;
				GCC_WARN_UNDECLARED_SELECTOR = YES;
				GCC_WARN_UNINITIALIZED_AUTOS = YES_AGGRESSIVE;
				GCC_WARN_UNUSED_FUNCTION = YES;
				GCC_WARN_UNUSED_VARIABLE = YES;
				IPHONEOS_DEPLOYMENT_TARGET = 13.5;
				MTL_ENABLE_DEBUG_INFO = NO;
				MTL_FAST_MATH = YES;
				SDKROOT = iphoneos;
				SWIFT_COMPILATION_MODE = wholemodule;
				SWIFT_OPTIMIZATION_LEVEL = "-O";
				VALIDATE_PRODUCT = YES;
			};
			name = Release;
		};
		52FDA43024B03F6F001C5E23 /* Debug */ = {
			isa = XCBuildConfiguration;
			buildSettings = {
				ASSETCATALOG_COMPILER_APPICON_NAME = AppIcon;
				CODE_SIGN_STYLE = Automatic;
				DEVELOPMENT_TEAM = MT5DTAP4RF;
				INFOPLIST_FILE = OnTheMap/Info.plist;
				LD_RUNPATH_SEARCH_PATHS = (
					"$(inherited)",
					"@executable_path/Frameworks",
				);
				PRODUCT_BUNDLE_IDENTIFIER = com.innovatrix.OnTheMap;
				PRODUCT_NAME = "$(TARGET_NAME)";
				SWIFT_VERSION = 5.0;
				TARGETED_DEVICE_FAMILY = "1,2";
			};
			name = Debug;
		};
		52FDA43124B03F6F001C5E23 /* Release */ = {
			isa = XCBuildConfiguration;
			buildSettings = {
				ASSETCATALOG_COMPILER_APPICON_NAME = AppIcon;
				CODE_SIGN_STYLE = Automatic;
				DEVELOPMENT_TEAM = MT5DTAP4RF;
				INFOPLIST_FILE = OnTheMap/Info.plist;
				LD_RUNPATH_SEARCH_PATHS = (
					"$(inherited)",
					"@executable_path/Frameworks",
				);
				PRODUCT_BUNDLE_IDENTIFIER = com.innovatrix.OnTheMap;
				PRODUCT_NAME = "$(TARGET_NAME)";
				SWIFT_VERSION = 5.0;
				TARGETED_DEVICE_FAMILY = "1,2";
			};
			name = Release;
		};
		52FDA43324B03F6F001C5E23 /* Debug */ = {
			isa = XCBuildConfiguration;
			buildSettings = {
				ALWAYS_EMBED_SWIFT_STANDARD_LIBRARIES = YES;
				BUNDLE_LOADER = "$(TEST_HOST)";
				CODE_SIGN_STYLE = Automatic;
				INFOPLIST_FILE = OnTheMapTests/Info.plist;
				IPHONEOS_DEPLOYMENT_TARGET = 13.5;
				LD_RUNPATH_SEARCH_PATHS = (
					"$(inherited)",
					"@executable_path/Frameworks",
					"@loader_path/Frameworks",
				);
				PRODUCT_BUNDLE_IDENTIFIER = com.innovatrix.OnTheMapTests;
				PRODUCT_NAME = "$(TARGET_NAME)";
				SWIFT_VERSION = 5.0;
				TARGETED_DEVICE_FAMILY = "1,2";
				TEST_HOST = "$(BUILT_PRODUCTS_DIR)/OnTheMap.app/OnTheMap";
			};
			name = Debug;
		};
		52FDA43424B03F6F001C5E23 /* Release */ = {
			isa = XCBuildConfiguration;
			buildSettings = {
				ALWAYS_EMBED_SWIFT_STANDARD_LIBRARIES = YES;
				BUNDLE_LOADER = "$(TEST_HOST)";
				CODE_SIGN_STYLE = Automatic;
				INFOPLIST_FILE = OnTheMapTests/Info.plist;
				IPHONEOS_DEPLOYMENT_TARGET = 13.5;
				LD_RUNPATH_SEARCH_PATHS = (
					"$(inherited)",
					"@executable_path/Frameworks",
					"@loader_path/Frameworks",
				);
				PRODUCT_BUNDLE_IDENTIFIER = com.innovatrix.OnTheMapTests;
				PRODUCT_NAME = "$(TARGET_NAME)";
				SWIFT_VERSION = 5.0;
				TARGETED_DEVICE_FAMILY = "1,2";
				TEST_HOST = "$(BUILT_PRODUCTS_DIR)/OnTheMap.app/OnTheMap";
			};
			name = Release;
		};
/* End XCBuildConfiguration section */

/* Begin XCConfigurationList section */
		52FDA40B24B03F6C001C5E23 /* Build configuration list for PBXProject "OnTheMap" */ = {
			isa = XCConfigurationList;
			buildConfigurations = (
				52FDA42D24B03F6F001C5E23 /* Debug */,
				52FDA42E24B03F6F001C5E23 /* Release */,
			);
			defaultConfigurationIsVisible = 0;
			defaultConfigurationName = Release;
		};
		52FDA42F24B03F6F001C5E23 /* Build configuration list for PBXNativeTarget "OnTheMap" */ = {
			isa = XCConfigurationList;
			buildConfigurations = (
				52FDA43024B03F6F001C5E23 /* Debug */,
				52FDA43124B03F6F001C5E23 /* Release */,
			);
			defaultConfigurationIsVisible = 0;
			defaultConfigurationName = Release;
		};
		52FDA43224B03F6F001C5E23 /* Build configuration list for PBXNativeTarget "OnTheMapTests" */ = {
			isa = XCConfigurationList;
			buildConfigurations = (
				52FDA43324B03F6F001C5E23 /* Debug */,
				52FDA43424B03F6F001C5E23 /* Release */,
			);
			defaultConfigurationIsVisible = 0;
			defaultConfigurationName = Release;
		};
/* End XCConfigurationList section */
	};
	rootObject = 52FDA40824B03F6C001C5E23 /* Project object */;
}
